
Microsoft Visual Studio Solution File, Format Version 12.00
# Visual Studio 15
VisualStudioVersion = 15.0.28010.2036
MinimumVisualStudioVersion = 10.0.40219.1
Project("{FAE04EC0-301F-11D3-BF4B-00C04F79EFBC}") = "AppFarm.Android", "AppFarm\AppFarm.Android\AppFarm.Android.csproj", "{136AEBCC-5DD5-4432-82BE-AA50652FCC88}"
EndProject
Project("{FAE04EC0-301F-11D3-BF4B-00C04F79EFBC}") = "AppFarm.iOS", "AppFarm\AppFarm.iOS\AppFarm.iOS.csproj", "{20E60B8E-BA09-438A-9720-766183CF7B56}"
EndProject
Project("{FAE04EC0-301F-11D3-BF4B-00C04F79EFBC}") = "AppFarm", "AppFarm\AppFarm\AppFarm.csproj", "{648C6A11-F356-4716-89B7-7A8115D8455A}"
EndProject
Global
	GlobalSection(SolutionConfigurationPlatforms) = preSolution
		Ad-Hoc|Any CPU = Ad-Hoc|Any CPU
		Ad-Hoc|iPhone = Ad-Hoc|iPhone
		Ad-Hoc|iPhoneSimulator = Ad-Hoc|iPhoneSimulator
		AppStore|Any CPU = AppStore|Any CPU
		AppStore|iPhone = AppStore|iPhone
		AppStore|iPhoneSimulator = AppStore|iPhoneSimulator
		Debug|Any CPU = Debug|Any CPU
		Debug|iPhone = Debug|iPhone
		Debug|iPhoneSimulator = Debug|iPhoneSimulator
		Release|Any CPU = Release|Any CPU
		Release|iPhone = Release|iPhone
		Release|iPhoneSimulator = Release|iPhoneSimulator
	EndGlobalSection
	GlobalSection(ProjectConfigurationPlatforms) = postSolution
		{136AEBCC-5DD5-4432-82BE-AA50652FCC88}.Ad-Hoc|Any CPU.ActiveCfg = Release|Any CPU
		{136AEBCC-5DD5-4432-82BE-AA50652FCC88}.Ad-Hoc|Any CPU.Build.0 = Release|Any CPU
		{136AEBCC-5DD5-4432-82BE-AA50652FCC88}.Ad-Hoc|Any CPU.Deploy.0 = Release|Any CPU
		{136AEBCC-5DD5-4432-82BE-AA50652FCC88}.Ad-Hoc|iPhone.ActiveCfg = Release|Any CPU
		{136AEBCC-5DD5-4432-82BE-AA50652FCC88}.Ad-Hoc|iPhone.Build.0 = Release|Any CPU
		{136AEBCC-5DD5-4432-82BE-AA50652FCC88}.Ad-Hoc|iPhone.Deploy.0 = Release|Any CPU
		{136AEBCC-5DD5-4432-82BE-AA50652FCC88}.Ad-Hoc|iPhoneSimulator.ActiveCfg = Release|Any CPU
		{136AEBCC-5DD5-4432-82BE-AA50652FCC88}.Ad-Hoc|iPhoneSimulator.Build.0 = Release|Any CPU
		{136AEBCC-5DD5-4432-82BE-AA50652FCC88}.Ad-Hoc|iPhoneSimulator.Deploy.0 = Release|Any CPU
		{136AEBCC-5DD5-4432-82BE-AA50652FCC88}.AppStore|Any CPU.ActiveCfg = Release|Any CPU
		{136AEBCC-5DD5-4432-82BE-AA50652FCC88}.AppStore|Any CPU.Build.0 = Release|Any CPU
		{136AEBCC-5DD5-4432-82BE-AA50652FCC88}.AppStore|Any CPU.Deploy.0 = Release|Any CPU
		{136AEBCC-5DD5-4432-82BE-AA50652FCC88}.AppStore|iPhone.ActiveCfg = Release|Any CPU
		{136AEBCC-5DD5-4432-82BE-AA50652FCC88}.AppStore|iPhone.Build.0 = Release|Any CPU
		{136AEBCC-5DD5-4432-82BE-AA50652FCC88}.AppStore|iPhone.Deploy.0 = Release|Any CPU
		{136AEBCC-5DD5-4432-82BE-AA50652FCC88}.AppStore|iPhoneSimulator.ActiveCfg = Release|Any CPU
		{136AEBCC-5DD5-4432-82BE-AA50652FCC88}.AppStore|iPhoneSimulator.Build.0 = Release|Any CPU
		{136AEBCC-5DD5-4432-82BE-AA50652FCC88}.AppStore|iPhoneSimulator.Deploy.0 = Release|Any CPU
		{136AEBCC-5DD5-4432-82BE-AA50652FCC88}.Debug|Any CPU.ActiveCfg = Debug|Any CPU
		{136AEBCC-5DD5-4432-82BE-AA50652FCC88}.Debug|Any CPU.Build.0 = Debug|Any CPU
		{136AEBCC-5DD5-4432-82BE-AA50652FCC88}.Debug|Any CPU.Deploy.0 = Debug|Any CPU
		{136AEBCC-5DD5-4432-82BE-AA50652FCC88}.Debug|iPhone.ActiveCfg = Debug|Any CPU
		{136AEBCC-5DD5-4432-82BE-AA50652FCC88}.Debug|iPhone.Build.0 = Debug|Any CPU
		{136AEBCC-5DD5-4432-82BE-AA50652FCC88}.Debug|iPhone.Deploy.0 = Debug|Any CPU
		{136AEBCC-5DD5-4432-82BE-AA50652FCC88}.Debug|iPhoneSimulator.ActiveCfg = Debug|Any CPU
		{136AEBCC-5DD5-4432-82BE-AA50652FCC88}.Debug|iPhoneSimulator.Build.0 = Debug|Any CPU
		{136AEBCC-5DD5-4432-82BE-AA50652FCC88}.Debug|iPhoneSimulator.Deploy.0 = Debug|Any CPU
		{136AEBCC-5DD5-4432-82BE-AA50652FCC88}.Release|Any CPU.ActiveCfg = Release|Any CPU
		{136AEBCC-5DD5-4432-82BE-AA50652FCC88}.Release|Any CPU.Build.0 = Release|Any CPU
		{136AEBCC-5DD5-4432-82BE-AA50652FCC88}.Release|Any CPU.Deploy.0 = Release|Any CPU
		{136AEBCC-5DD5-4432-82BE-AA50652FCC88}.Release|iPhone.ActiveCfg = Release|Any CPU
		{136AEBCC-5DD5-4432-82BE-AA50652FCC88}.Release|iPhone.Build.0 = Release|Any CPU
		{136AEBCC-5DD5-4432-82BE-AA50652FCC88}.Release|iPhone.Deploy.0 = Release|Any CPU
		{136AEBCC-5DD5-4432-82BE-AA50652FCC88}.Release|iPhoneSimulator.ActiveCfg = Release|Any CPU
		{136AEBCC-5DD5-4432-82BE-AA50652FCC88}.Release|iPhoneSimulator.Build.0 = Release|Any CPU
		{136AEBCC-5DD5-4432-82BE-AA50652FCC88}.Release|iPhoneSimulator.Deploy.0 = Release|Any CPU
		{20E60B8E-BA09-438A-9720-766183CF7B56}.Ad-Hoc|Any CPU.ActiveCfg = Ad-Hoc|iPhone
		{20E60B8E-BA09-438A-9720-766183CF7B56}.Ad-Hoc|Any CPU.Build.0 = Ad-Hoc|iPhone
		{20E60B8E-BA09-438A-9720-766183CF7B56}.Ad-Hoc|Any CPU.Deploy.0 = Ad-Hoc|iPhone
		{20E60B8E-BA09-438A-9720-766183CF7B56}.Ad-Hoc|iPhone.ActiveCfg = Ad-Hoc|iPhone
		{20E60B8E-BA09-438A-9720-766183CF7B56}.Ad-Hoc|iPhone.Build.0 = Ad-Hoc|iPhone
		{20E60B8E-BA09-438A-9720-766183CF7B56}.Ad-Hoc|iPhone.Deploy.0 = Ad-Hoc|iPhone
		{20E60B8E-BA09-438A-9720-766183CF7B56}.Ad-Hoc|iPhoneSimulator.ActiveCfg = Ad-Hoc|iPhoneSimulator
		{20E60B8E-BA09-438A-9720-766183CF7B56}.Ad-Hoc|iPhoneSimulator.Build.0 = Ad-Hoc|iPhoneSimulator
		{20E60B8E-BA09-438A-9720-766183CF7B56}.Ad-Hoc|iPhoneSimulator.Deploy.0 = Ad-Hoc|iPhoneSimulator
		{20E60B8E-BA09-438A-9720-766183CF7B56}.AppStore|Any CPU.ActiveCfg = AppStore|iPhone
		{20E60B8E-BA09-438A-9720-766183CF7B56}.AppStore|Any CPU.Build.0 = AppStore|iPhone
		{20E60B8E-BA09-438A-9720-766183CF7B56}.AppStore|Any CPU.Deploy.0 = AppStore|iPhone
		{20E60B8E-BA09-438A-9720-766183CF7B56}.AppStore|iPhone.ActiveCfg = AppStore|iPhone
		{20E60B8E-BA09-438A-9720-766183CF7B56}.AppStore|iPhone.Build.0 = AppStore|iPhone
		{20E60B8E-BA09-438A-9720-766183CF7B56}.AppStore|iPhone.Deploy.0 = AppStore|iPhone
		{20E60B8E-BA09-438A-9720-766183CF7B56}.AppStore|iPhoneSimulator.ActiveCfg = AppStore|iPhoneSimulator
		{20E60B8E-BA09-438A-9720-766183CF7B56}.AppStore|iPhoneSimulator.Build.0 = AppStore|iPhoneSimulator
		{20E60B8E-BA09-438A-9720-766183CF7B56}.AppStore|iPhoneSimulator.Deploy.0 = AppStore|iPhoneSimulator
		{20E60B8E-BA09-438A-9720-766183CF7B56}.Debug|Any CPU.ActiveCfg = Debug|iPhoneSimulator
		{20E60B8E-BA09-438A-9720-766183CF7B56}.Debug|Any CPU.Build.0 = Debug|iPhoneSimulator
		{20E60B8E-BA09-438A-9720-766183CF7B56}.Debug|Any CPU.Deploy.0 = Debug|iPhoneSimulator
		{20E60B8E-BA09-438A-9720-766183CF7B56}.Debug|iPhone.ActiveCfg = Debug|iPhone
		{20E60B8E-BA09-438A-9720-766183CF7B56}.Debug|iPhone.Build.0 = Debug|iPhone
		{20E60B8E-BA09-438A-9720-766183CF7B56}.Debug|iPhone.Deploy.0 = Debug|iPhone
		{20E60B8E-BA09-438A-9720-766183CF7B56}.Debug|iPhoneSimulator.ActiveCfg = Debug|iPhoneSimulator
		{20E60B8E-BA09-438A-9720-766183CF7B56}.Debug|iPhoneSimulator.Build.0 = Debug|iPhoneSimulator
		{20E60B8E-BA09-438A-9720-766183CF7B56}.Debug|iPhoneSimulator.Deploy.0 = Debug|iPhoneSimulator
		{20E60B8E-BA09-438A-9720-766183CF7B56}.Release|Any CPU.ActiveCfg = Release|iPhone
		{20E60B8E-BA09-438A-9720-766183CF7B56}.Release|Any CPU.Build.0 = Release|iPhone
		{20E60B8E-BA09-438A-9720-766183CF7B56}.Release|Any CPU.Deploy.0 = Release|iPhone
		{20E60B8E-BA09-438A-9720-766183CF7B56}.Release|iPhone.ActiveCfg = Release|iPhone
		{20E60B8E-BA09-438A-9720-766183CF7B56}.Release|iPhone.Build.0 = Release|iPhone
		{20E60B8E-BA09-438A-9720-766183CF7B56}.Release|iPhone.Deploy.0 = Release|iPhone
		{20E60B8E-BA09-438A-9720-766183CF7B56}.Release|iPhoneSimulator.ActiveCfg = Release|iPhoneSimulator
		{20E60B8E-BA09-438A-9720-766183CF7B56}.Release|iPhoneSimulator.Build.0 = Release|iPhoneSimulator
		{20E60B8E-BA09-438A-9720-766183CF7B56}.Release|iPhoneSimulator.Deploy.0 = Release|iPhoneSimulator
		{648C6A11-F356-4716-89B7-7A8115D8455A}.Ad-Hoc|Any CPU.ActiveCfg = Debug|Any CPU
		{648C6A11-F356-4716-89B7-7A8115D8455A}.Ad-Hoc|Any CPU.Build.0 = Debug|Any CPU
		{648C6A11-F356-4716-89B7-7A8115D8455A}.Ad-Hoc|Any CPU.Deploy.0 = Debug|Any CPU
		{648C6A11-F356-4716-89B7-7A8115D8455A}.Ad-Hoc|iPhone.ActiveCfg = Debug|Any CPU
		{648C6A11-F356-4716-89B7-7A8115D8455A}.Ad-Hoc|iPhone.Build.0 = Debug|Any CPU
		{648C6A11-F356-4716-89B7-7A8115D8455A}.Ad-Hoc|iPhone.Deploy.0 = Debug|Any CPU
		{648C6A11-F356-4716-89B7-7A8115D8455A}.Ad-Hoc|iPhoneSimulator.ActiveCfg = Debug|Any CPU
		{648C6A11-F356-4716-89B7-7A8115D8455A}.Ad-Hoc|iPhoneSimulator.Build.0 = Debug|Any CPU
		{648C6A11-F356-4716-89B7-7A8115D8455A}.Ad-Hoc|iPhoneSimulator.Deploy.0 = Debug|Any CPU
		{648C6A11-F356-4716-89B7-7A8115D8455A}.AppStore|Any CPU.ActiveCfg = Debug|Any CPU
		{648C6A11-F356-4716-89B7-7A8115D8455A}.AppStore|Any CPU.Build.0 = Debug|Any CPU
		{648C6A11-F356-4716-89B7-7A8115D8455A}.AppStore|Any CPU.Deploy.0 = Debug|Any CPU
		{648C6A11-F356-4716-89B7-7A8115D8455A}.AppStore|iPhone.ActiveCfg = Debug|Any CPU
		{648C6A11-F356-4716-89B7-7A8115D8455A}.AppStore|iPhone.Build.0 = Debug|Any CPU
		{648C6A11-F356-4716-89B7-7A8115D8455A}.AppStore|iPhone.Deploy.0 = Debug|Any CPU
		{648C6A11-F356-4716-89B7-7A8115D8455A}.AppStore|iPhoneSimulator.ActiveCfg = Debug|Any CPU
		{648C6A11-F356-4716-89B7-7A8115D8455A}.AppStore|iPhoneSimulator.Build.0 = Debug|Any CPU
		{648C6A11-F356-4716-89B7-7A8115D8455A}.AppStore|iPhoneSimulator.Deploy.0 = Debug|Any CPU
		{648C6A11-F356-4716-89B7-7A8115D8455A}.Debug|Any CPU.ActiveCfg = Debug|Any CPU
		{648C6A11-F356-4716-89B7-7A8115D8455A}.Debug|Any CPU.Build.0 = Debug|Any CPU
		{648C6A11-F356-4716-89B7-7A8115D8455A}.Debug|Any CPU.Deploy.0 = Debug|Any CPU
		{648C6A11-F356-4716-89B7-7A8115D8455A}.Debug|iPhone.ActiveCfg = Debug|Any CPU
		{648C6A11-F356-4716-89B7-7A8115D8455A}.Debug|iPhone.Build.0 = Debug|Any CPU
		{648C6A11-F356-4716-89B7-7A8115D8455A}.Debug|iPhone.Deploy.0 = Debug|Any CPU
		{648C6A11-F356-4716-89B7-7A8115D8455A}.Debug|iPhoneSimulator.ActiveCfg = Debug|Any CPU
		{648C6A11-F356-4716-89B7-7A8115D8455A}.Debug|iPhoneSimulator.Build.0 = Debug|Any CPU
		{648C6A11-F356-4716-89B7-7A8115D8455A}.Debug|iPhoneSimulator.Deploy.0 = Debug|Any CPU
		{648C6A11-F356-4716-89B7-7A8115D8455A}.Release|Any CPU.ActiveCfg = Release|Any CPU
		{648C6A11-F356-4716-89B7-7A8115D8455A}.Release|Any CPU.Build.0 = Release|Any CPU
		{648C6A11-F356-4716-89B7-7A8115D8455A}.Release|Any CPU.Deploy.0 = Release|Any CPU
		{648C6A11-F356-4716-89B7-7A8115D8455A}.Release|iPhone.ActiveCfg = Release|Any CPU
		{648C6A11-F356-4716-89B7-7A8115D8455A}.Release|iPhone.Build.0 = Release|Any CPU
		{648C6A11-F356-4716-89B7-7A8115D8455A}.Release|iPhone.Deploy.0 = Release|Any CPU
		{648C6A11-F356-4716-89B7-7A8115D8455A}.Release|iPhoneSimulator.ActiveCfg = Release|Any CPU
		{648C6A11-F356-4716-89B7-7A8115D8455A}.Release|iPhoneSimulator.Build.0 = Release|Any CPU
		{648C6A11-F356-4716-89B7-7A8115D8455A}.Release|iPhoneSimulator.Deploy.0 = Release|Any CPU
	EndGlobalSection
	GlobalSection(SolutionProperties) = preSolution
		HideSolutionNode = FALSE
	EndGlobalSection
	GlobalSection(ExtensibilityGlobals) = postSolution
		SolutionGuid = {E8CA1328-3968-4C98-B369-587EF574EA66}
	EndGlobalSection
EndGlobal
